
Microsoft Visual Studio Solution File, Format Version 12.00
# Visual Studio Version 16
VisualStudioVersion = 16.0.808.4
MinimumVisualStudioVersion = 10.0.40219.1
Project("{FAE04EC0-301F-11D3-BF4B-00C04F79EFBC}") = "GrpcDemo.Android", "GrpcDemo.Android\GrpcDemo.Android.csproj", "{87F38EBB-FA0E-4297-91EE-A1CF5EA3875A}"
EndProject
Project("{FAE04EC0-301F-11D3-BF4B-00C04F79EFBC}") = "GrpcDemo.iOS", "GrpcDemo.iOS\GrpcDemo.iOS.csproj", "{EF6C7306-41DB-4B3D-AC49-2232F3FC3C6D}"
EndProject
Project("{FAE04EC0-301F-11D3-BF4B-00C04F79EFBC}") = "GrpcDemo", "GrpcDemo\GrpcDemo.csproj", "{906F34D4-FF74-4981-B5F8-0D1D32B58AF6}"
EndProject
Global
	GlobalSection(SolutionConfigurationPlatforms) = preSolution
		Debug|Any CPU = Debug|Any CPU
		Release|Any CPU = Release|Any CPU
		Debug|iPhoneSimulator = Debug|iPhoneSimulator
		Release|iPhoneSimulator = Release|iPhoneSimulator
		Debug|iPhone = Debug|iPhone
		Release|iPhone = Release|iPhone
	EndGlobalSection
	GlobalSection(ProjectConfigurationPlatforms) = postSolution
		{87F38EBB-FA0E-4297-91EE-A1CF5EA3875A}.Debug|Any CPU.ActiveCfg = Debug|Any CPU
		{87F38EBB-FA0E-4297-91EE-A1CF5EA3875A}.Debug|Any CPU.Build.0 = Debug|Any CPU
		{87F38EBB-FA0E-4297-91EE-A1CF5EA3875A}.Release|Any CPU.ActiveCfg = Release|Any CPU
		{87F38EBB-FA0E-4297-91EE-A1CF5EA3875A}.Release|Any CPU.Build.0 = Release|Any CPU
		{87F38EBB-FA0E-4297-91EE-A1CF5EA3875A}.Debug|iPhoneSimulator.ActiveCfg = Debug|Any CPU
		{87F38EBB-FA0E-4297-91EE-A1CF5EA3875A}.Debug|iPhoneSimulator.Build.0 = Debug|Any CPU
		{87F38EBB-FA0E-4297-91EE-A1CF5EA3875A}.Release|iPhoneSimulator.ActiveCfg = Release|Any CPU
		{87F38EBB-FA0E-4297-91EE-A1CF5EA3875A}.Release|iPhoneSimulator.Build.0 = Release|Any CPU
		{87F38EBB-FA0E-4297-91EE-A1CF5EA3875A}.Debug|iPhone.ActiveCfg = Debug|Any CPU
		{87F38EBB-FA0E-4297-91EE-A1CF5EA3875A}.Debug|iPhone.Build.0 = Debug|Any CPU
		{87F38EBB-FA0E-4297-91EE-A1CF5EA3875A}.Release|iPhone.ActiveCfg = Release|Any CPU
		{87F38EBB-FA0E-4297-91EE-A1CF5EA3875A}.Release|iPhone.Build.0 = Release|Any CPU
		{EF6C7306-41DB-4B3D-AC49-2232F3FC3C6D}.Debug|Any CPU.ActiveCfg = Debug|iPhoneSimulator
		{EF6C7306-41DB-4B3D-AC49-2232F3FC3C6D}.Debug|Any CPU.Build.0 = Debug|iPhoneSimulator
		{EF6C7306-41DB-4B3D-AC49-2232F3FC3C6D}.Release|Any CPU.ActiveCfg = Release|iPhoneSimulator
		{EF6C7306-41DB-4B3D-AC49-2232F3FC3C6D}.Release|Any CPU.Build.0 = Release|iPhoneSimulator
		{EF6C7306-41DB-4B3D-AC49-2232F3FC3C6D}.Debug|iPhoneSimulator.ActiveCfg = Debug|iPhoneSimulator
		{EF6C7306-41DB-4B3D-AC49-2232F3FC3C6D}.Debug|iPhoneSimulator.Build.0 = Debug|iPhoneSimulator
		{EF6C7306-41DB-4B3D-AC49-2232F3FC3C6D}.Release|iPhoneSimulator.ActiveCfg = Release|iPhoneSimulator
		{EF6C7306-41DB-4B3D-AC49-2232F3FC3C6D}.Release|iPhoneSimulator.Build.0 = Release|iPhoneSimulator
		{EF6C7306-41DB-4B3D-AC49-2232F3FC3C6D}.Debug|iPhone.ActiveCfg = Debug|iPhone
		{EF6C7306-41DB-4B3D-AC49-2232F3FC3C6D}.Debug|iPhone.Build.0 = Debug|iPhone
		{EF6C7306-41DB-4B3D-AC49-2232F3FC3C6D}.Release|iPhone.ActiveCfg = Release|iPhone
		{EF6C7306-41DB-4B3D-AC49-2232F3FC3C6D}.Release|iPhone.Build.0 = Release|iPhone
		{906F34D4-FF74-4981-B5F8-0D1D32B58AF6}.Debug|Any CPU.ActiveCfg = Debug|Any CPU
		{906F34D4-FF74-4981-B5F8-0D1D32B58AF6}.Debug|Any CPU.Build.0 = Debug|Any CPU
		{906F34D4-FF74-4981-B5F8-0D1D32B58AF6}.Release|Any CPU.ActiveCfg = Release|Any CPU
		{906F34D4-FF74-4981-B5F8-0D1D32B58AF6}.Release|Any CPU.Build.0 = Release|Any CPU
		{906F34D4-FF74-4981-B5F8-0D1D32B58AF6}.Debug|iPhoneSimulator.ActiveCfg = Debug|Any CPU
		{906F34D4-FF74-4981-B5F8-0D1D32B58AF6}.Debug|iPhoneSimulator.Build.0 = Debug|Any CPU
		{906F34D4-FF74-4981-B5F8-0D1D32B58AF6}.Release|iPhoneSimulator.ActiveCfg = Release|Any CPU
		{906F34D4-FF74-4981-B5F8-0D1D32B58AF6}.Release|iPhoneSimulator.Build.0 = Release|Any CPU
		{906F34D4-FF74-4981-B5F8-0D1D32B58AF6}.Debug|iPhone.ActiveCfg = Debug|Any CPU
		{906F34D4-FF74-4981-B5F8-0D1D32B58AF6}.Debug|iPhone.Build.0 = Debug|Any CPU
		{906F34D4-FF74-4981-B5F8-0D1D32B58AF6}.Release|iPhone.ActiveCfg = Release|Any CPU
		{906F34D4-FF74-4981-B5F8-0D1D32B58AF6}.Release|iPhone.Build.0 = Release|Any CPU
	EndGlobalSection
	GlobalSection(SolutionProperties) = preSolution
		HideSolutionNode = FALSE
	EndGlobalSection
	GlobalSection(ExtensibilityGlobals) = postSolution
		SolutionGuid = {C5D95FF6-497F-4BC8-A2B5-72661E059F84}
	EndGlobalSection
EndGlobal
